
Microsoft Visual Studio Solution File, Format Version 12.00
# Visual Studio Version 18
VisualStudioVersion = 18.9.12128.139 oobstable
MinimumVisualStudioVersion = 10.0.40219.1
Project("{FAE04EC0-301F-11D3-BF4B-00C04F79EFBC}") = "FundooAppProject", "FundooAppProject\FundooAppProject.csproj", "{D9B42682-D7AF-4D34-B3A3-61951374730E}"
EndProject
Project("{FAE04EC0-301F-11D3-BF4B-00C04F79EFBC}") = "Models", "Models\Models.csproj", "{6824BA76-F21D-4768-91C6-52BEAD0F6B1D}"
EndProject
Project("{FAE04EC0-301F-11D3-BF4B-00C04F79EFBC}") = "BusinessLayer", "BusinessLayer\BusinessLayer.csproj", "{7BBD246B-2535-4C36-9CC3-01384D5E28AA}"
EndProject
Project("{FAE04EC0-301F-11D3-BF4B-00C04F79EFBC}") = "RepositoryLayer", "RepositoryLayer\RepositoryLayer.csproj", "{5F82FB4D-92E3-4AB8-832E-5F9218FAE964}"
EndProject
Project("{FAE04EC0-301F-11D3-BF4B-00C04F79EFBC}") = "MessageService", "MessageService\MessageService.csproj", "{0D4CAC7C-CC21-4896-B4F6-FF31AAFDC5E6}"
EndProject
Project("{2150E333-8FDC-42A3-9474-1A3956D46DE8}") = "FundooApp", "FundooApp", "{79EFBBD7-596D-474F-BC00-118E52A5C2EE}"
EndProject
Project("{2150E333-8FDC-42A3-9474-1A3956D46DE8}") = "EmailService", "EmailService", "{102FA808-C79A-4D5F-92E0-80BAC5214C8C}"
EndProject
Project("{FAE04EC0-301F-11D3-BF4B-00C04F79EFBC}") = "EmailController", "EmailController\EmailController.csproj", "{50F13E2F-05EA-4140-BECA-D5E25E5B0B51}"
EndProject
Project("{FAE04EC0-301F-11D3-BF4B-00C04F79EFBC}") = "EmailService", "EmailService\EmailService.csproj", "{E20DB0B0-884C-4DD6-BE6C-E724C81790CA}"
EndProject
Project("{FAE04EC0-301F-11D3-BF4B-00C04F79EFBC}") = "EmailModel", "EmailModel\EmailModel.csproj", "{386109A0-F69A-4CD4-A38A-D3C597EB8CF4}"
EndProject
Project("{FAE04EC0-301F-11D3-BF4B-00C04F79EFBC}") = "IEmailInterface", "IEmailService\IEmailInterface.csproj", "{1A9D7D50-29F3-449D-9B38-771DE6810534}"
EndProject
Global
	GlobalSection(SolutionConfigurationPlatforms) = preSolution
		Debug|Any CPU = Debug|Any CPU
		Release|Any CPU = Release|Any CPU
	EndGlobalSection
	GlobalSection(ProjectConfigurationPlatforms) = postSolution
		{D9B42682-D7AF-4D34-B3A3-61951374730E}.Debug|Any CPU.ActiveCfg = Debug|Any CPU
		{D9B42682-D7AF-4D34-B3A3-61951374730E}.Debug|Any CPU.Build.0 = Debug|Any CPU
		{D9B42682-D7AF-4D34-B3A3-61951374730E}.Release|Any CPU.ActiveCfg = Release|Any CPU
		{D9B42682-D7AF-4D34-B3A3-61951374730E}.Release|Any CPU.Build.0 = Release|Any CPU
		{6824BA76-F21D-4768-91C6-52BEAD0F6B1D}.Debug|Any CPU.ActiveCfg = Debug|Any CPU
		{6824BA76-F21D-4768-91C6-52BEAD0F6B1D}.Debug|Any CPU.Build.0 = Debug|Any CPU
		{6824BA76-F21D-4768-91C6-52BEAD0F6B1D}.Release|Any CPU.ActiveCfg = Release|Any CPU
		{6824BA76-F21D-4768-91C6-52BEAD0F6B1D}.Release|Any CPU.Build.0 = Release|Any CPU
		{7BBD246B-2535-4C36-9CC3-01384D5E28AA}.Debug|Any CPU.ActiveCfg = Debug|Any CPU
		{7BBD246B-2535-4C36-9CC3-01384D5E28AA}.Debug|Any CPU.Build.0 = Debug|Any CPU
		{7BBD246B-2535-4C36-9CC3-01384D5E28AA}.Release|Any CPU.ActiveCfg = Release|Any CPU
		{7BBD246B-2535-4C36-9CC3-01384D5E28AA}.Release|Any CPU.Build.0 = Release|Any CPU
		{5F82FB4D-92E3-4AB8-832E-5F9218FAE964}.Debug|Any CPU.ActiveCfg = Debug|Any CPU
		{5F82FB4D-92E3-4AB8-832E-5F9218FAE964}.Debug|Any CPU.Build.0 = Debug|Any CPU
		{5F82FB4D-92E3-4AB8-832E-5F9218FAE964}.Release|Any CPU.ActiveCfg = Release|Any CPU
		{5F82FB4D-92E3-4AB8-832E-5F9218FAE964}.Release|Any CPU.Build.0 = Release|Any CPU
		{0D4CAC7C-CC21-4896-B4F6-FF31AAFDC5E6}.Debug|Any CPU.ActiveCfg = Debug|Any CPU
		{0D4CAC7C-CC21-4896-B4F6-FF31AAFDC5E6}.Debug|Any CPU.Build.0 = Debug|Any CPU
		{0D4CAC7C-CC21-4896-B4F6-FF31AAFDC5E6}.Release|Any CPU.ActiveCfg = Release|Any CPU
		{0D4CAC7C-CC21-4896-B4F6-FF31AAFDC5E6}.Release|Any CPU.Build.0 = Release|Any CPU
		{50F13E2F-05EA-4140-BECA-D5E25E5B0B51}.Debug|Any CPU.ActiveCfg = Debug|Any CPU
		{50F13E2F-05EA-4140-BECA-D5E25E5B0B51}.Debug|Any CPU.Build.0 = Debug|Any CPU
		{50F13E2F-05EA-4140-BECA-D5E25E5B0B51}.Release|Any CPU.ActiveCfg = Release|Any CPU
		{50F13E2F-05EA-4140-BECA-D5E25E5B0B51}.Release|Any CPU.Build.0 = Release|Any CPU
		{E20DB0B0-884C-4DD6-BE6C-E724C81790CA}.Debug|Any CPU.ActiveCfg = Debug|Any CPU
		{E20DB0B0-884C-4DD6-BE6C-E724C81790CA}.Debug|Any CPU.Build.0 = Debug|Any CPU
		{E20DB0B0-884C-4DD6-BE6C-E724C81790CA}.Release|Any CPU.ActiveCfg = Release|Any CPU
		{E20DB0B0-884C-4DD6-BE6C-E724C81790CA}.Release|Any CPU.Build.0 = Release|Any CPU
		{386109A0-F69A-4CD4-A38A-D3C597EB8CF4}.Debug|Any CPU.ActiveCfg = Debug|Any CPU
		{386109A0-F69A-4CD4-A38A-D3C597EB8CF4}.Debug|Any CPU.Build.0 = Debug|Any CPU
		{386109A0-F69A-4CD4-A38A-D3C597EB8CF4}.Release|Any CPU.ActiveCfg = Release|Any CPU
		{386109A0-F69A-4CD4-A38A-D3C597EB8CF4}.Release|Any CPU.Build.0 = Release|Any CPU
		{1A9D7D50-29F3-449D-9B38-771DE6810534}.Debug|Any CPU.ActiveCfg = Debug|Any CPU
		{1A9D7D50-29F3-449D-9B38-771DE6810534}.Debug|Any CPU.Build.0 = Debug|Any CPU
		{1A9D7D50-29F3-449D-9B38-771DE6810534}.Release|Any CPU.ActiveCfg = Release|Any CPU
		{1A9D7D50-29F3-449D-9B38-771DE6810534}.Release|Any CPU.Build.0 = Release|Any CPU
	EndGlobalSection
	GlobalSection(SolutionProperties) = preSolution
		HideSolutionNode = FALSE
	EndGlobalSection
	GlobalSection(NestedProjects) = preSolution
		{D9B42682-D7AF-4D34-B3A3-61951374730E} = {79EFBBD7-596D-474F-BC00-118E52A5C2EE}
		{6824BA76-F21D-4768-91C6-52BEAD0F6B1D} = {79EFBBD7-596D-474F-BC00-118E52A5C2EE}
		{7BBD246B-2535-4C36-9CC3-01384D5E28AA} = {79EFBBD7-596D-474F-BC00-118E52A5C2EE}
		{5F82FB4D-92E3-4AB8-832E-5F9218FAE964} = {79EFBBD7-596D-474F-BC00-118E52A5C2EE}
		{0D4CAC7C-CC21-4896-B4F6-FF31AAFDC5E6} = {79EFBBD7-596D-474F-BC00-118E52A5C2EE}
		{50F13E2F-05EA-4140-BECA-D5E25E5B0B51} = {102FA808-C79A-4D5F-92E0-80BAC5214C8C}
		{E20DB0B0-884C-4DD6-BE6C-E724C81790CA} = {102FA808-C79A-4D5F-92E0-80BAC5214C8C}
		{386109A0-F69A-4CD4-A38A-D3C597EB8CF4} = {102FA808-C79A-4D5F-92E0-80BAC5214C8C}
		{1A9D7D50-29F3-449D-9B38-771DE6810534} = {102FA808-C79A-4D5F-92E0-80BAC5214C8C}
	EndGlobalSection
	GlobalSection(ExtensibilityGlobals) = postSolution
		SolutionGuid = {41DD4A14-384A-4470-90DA-8C0712BDC8C4}
	EndGlobalSection
EndGlobal
